{
  "version": 4,
  "terraform_version": "1.7.3",
  "serial": 14,
  "lineage": "f67df0a3-fdaf-4bea-5823-a715ded75679",
  "outputs": {
    "puppet_master_ip": {
      "value": "10.196.37.160",
      "type": "string"
    }
  },
  "resources": [
    {
      "mode": "managed",
      "type": "null_resource",
      "name": "puppet_provisioner",
      "provider": "provider[\"registry.terraform.io/hashicorp/null\"]",
      "instances": [
        {
          "schema_version": 0,
          "attributes": {
            "id": "2579754245219924894",
            "triggers": {
              "instance_ip": "10.196.37.160"
            }
          },
          "sensitive_attributes": [],
          "dependencies": [
            "openstack_compute_instance_v2.puppet_master"
          ]
        }
      ]
    },
    {
      "mode": "managed",
      "type": "openstack_compute_instance_v2",
      "name": "puppet_master",
      "provider": "provider[\"registry.terraform.io/terraform-provider-openstack/openstack\"]",
      "instances": [
        {
          "schema_version": 0,
          "attributes": {
            "access_ip_v4": "10.196.37.160",
            "access_ip_v6": "",
            "admin_pass": null,
            "all_metadata": {},
            "all_tags": [],
            "availability_zone": "nova",
            "availability_zone_hints": null,
            "block_device": [],
            "config_drive": null,
            "created": "2024-02-15 05:25:46 +0000 UTC",
            "flavor_id": "3a08c62b-a3c4-4414-b8c2-23e2bc4d42de",
            "flavor_name": "css.1c1r.10g",
            "floating_ip": null,
            "force_delete": false,
            "id": "1e2e72a5-3a10-4dca-b9fc-aaaf2177d009",
            "image_id": "d0031ee0-46e5-416e-9cd4-6b0b13c81e7c",
            "image_name": "Ubuntu-20.04-LTS",
            "key_pair": "Master-VM-keypair",
            "metadata": null,
            "name": "puppet_master-AK",
            "network": [
              {
                "access_network": false,
                "fixed_ip_v4": "10.196.37.160",
                "fixed_ip_v6": "",
                "floating_ip": "",
                "mac": "fa:16:3e:10:fd:3a",
                "name": "acit",
                "port": "",
                "uuid": "ca5c496c-0fa7-46f9-a798-3c4455bad65f"
              }
            ],
            "network_mode": null,
            "personality": [],
            "power_state": "active",
            "region": "RegionOne",
            "scheduler_hints": [],
            "security_groups": [
              "default"
            ],
            "stop_before_destroy": false,
            "tags": null,
            "timeouts": null,
            "updated": "2024-02-15 05:25:53 +0000 UTC",
            "user_data": null,
            "vendor_options": [],
            "volume": []
          },
          "sensitive_attributes": [],
          "private": "eyJlMmJmYjczMC1lY2FhLTExZTYtOGY4OC0zNDM2M2JjN2M0YzAiOnsiY3JlYXRlIjoxODAwMDAwMDAwMDAwLCJkZWxldGUiOjE4MDAwMDAwMDAwMDAsInVwZGF0ZSI6MTgwMDAwMDAwMDAwMH19"
        }
      ]
    }
  ],
  "check_results": null
}
